
Microsoft Visual Studio Solution File, Format Version 12.00
# Visual Studio Version 17
VisualStudioVersion = 17.11.35327.3
MinimumVisualStudioVersion = 10.0.40219.1
Project("{FAE04EC0-301F-11D3-BF4B-00C04F79EFBC}") = "ReCover", "ReCover\ReCover.csproj", "{43EE8650-6CD2-4ED4-80F7-D192E281A049}"
EndProject
Project("{930C7802-8A8C-48F9-8165-68863BCCD9DD}") = "ReCover.Installer", "ReCover.Installer\ReCover.Installer.wixproj", "{DF8CF3E4-6E6B-42E9-999F-68474992CFC5}"
EndProject
Global
	GlobalSection(SolutionConfigurationPlatforms) = preSolution
		Debug|Any CPU = Debug|Any CPU
		Debug|x86 = Debug|x86
		Release|Any CPU = Release|Any CPU
		Release|x86 = Release|x86
	EndGlobalSection
	GlobalSection(ProjectConfigurationPlatforms) = postSolution
		{43EE8650-6CD2-4ED4-80F7-D192E281A049}.Debug|Any CPU.ActiveCfg = Debug|Any CPU
		{43EE8650-6CD2-4ED4-80F7-D192E281A049}.Debug|Any CPU.Build.0 = Debug|Any CPU
		{43EE8650-6CD2-4ED4-80F7-D192E281A049}.Debug|x86.ActiveCfg = Debug|Any CPU
		{43EE8650-6CD2-4ED4-80F7-D192E281A049}.Debug|x86.Build.0 = Debug|Any CPU
		{43EE8650-6CD2-4ED4-80F7-D192E281A049}.Release|Any CPU.ActiveCfg = Release|Any CPU
		{43EE8650-6CD2-4ED4-80F7-D192E281A049}.Release|Any CPU.Build.0 = Release|Any CPU
		{43EE8650-6CD2-4ED4-80F7-D192E281A049}.Release|x86.ActiveCfg = Release|Any CPU
		{43EE8650-6CD2-4ED4-80F7-D192E281A049}.Release|x86.Build.0 = Release|Any CPU
		{DF8CF3E4-6E6B-42E9-999F-68474992CFC5}.Debug|Any CPU.ActiveCfg = Debug|x86
		{DF8CF3E4-6E6B-42E9-999F-68474992CFC5}.Debug|Any CPU.Build.0 = Debug|x86
		{DF8CF3E4-6E6B-42E9-999F-68474992CFC5}.Debug|x86.ActiveCfg = Debug|x86
		{DF8CF3E4-6E6B-42E9-999F-68474992CFC5}.Debug|x86.Build.0 = Debug|x86
		{DF8CF3E4-6E6B-42E9-999F-68474992CFC5}.Release|Any CPU.ActiveCfg = Release|x86
		{DF8CF3E4-6E6B-42E9-999F-68474992CFC5}.Release|Any CPU.Build.0 = Release|x86
		{DF8CF3E4-6E6B-42E9-999F-68474992CFC5}.Release|x86.ActiveCfg = Release|x86
		{DF8CF3E4-6E6B-42E9-999F-68474992CFC5}.Release|x86.Build.0 = Release|x86
	EndGlobalSection
	GlobalSection(SolutionProperties) = preSolution
		HideSolutionNode = FALSE
	EndGlobalSection
	GlobalSection(ExtensibilityGlobals) = postSolution
		SolutionGuid = {F96F33C2-A43C-41C2-B911-F2B9D58C8E2B}
	EndGlobalSection
EndGlobal
